
Microsoft Visual Studio Solution File, Format Version 12.00
# Visual Studio Version 17
VisualStudioVersion = 17.8.34330.188
MinimumVisualStudioVersion = 10.0.40219.1
Project("{FAE04EC0-301F-11D3-BF4B-00C04F79EFBC}") = "ApiForENGLISH", "ApiForENGLISH\ApiForENGLISH.csproj", "{05B4D5D4-BEF2-48EA-85D9-91F05FF6644D}"
EndProject
Global
	GlobalSection(SolutionConfigurationPlatforms) = preSolution
		Debug|Any CPU = Debug|Any CPU
		Release|Any CPU = Release|Any CPU
	EndGlobalSection
	GlobalSection(ProjectConfigurationPlatforms) = postSolution
		{05B4D5D4-BEF2-48EA-85D9-91F05FF6644D}.Debug|Any CPU.ActiveCfg = Debug|Any CPU
		{05B4D5D4-BEF2-48EA-85D9-91F05FF6644D}.Debug|Any CPU.Build.0 = Debug|Any CPU
		{05B4D5D4-BEF2-48EA-85D9-91F05FF6644D}.Release|Any CPU.ActiveCfg = Release|Any CPU
		{05B4D5D4-BEF2-48EA-85D9-91F05FF6644D}.Release|Any CPU.Build.0 = Release|Any CPU
	EndGlobalSection
	GlobalSection(SolutionProperties) = preSolution
		HideSolutionNode = FALSE
	EndGlobalSection
	GlobalSection(ExtensibilityGlobals) = postSolution
		SolutionGuid = {BD76D304-EE62-44B0-BDB7-6E1CF13CA541}
	EndGlobalSection
EndGlobal
